
Microsoft Visual Studio Solution File, Format Version 12.00
# Visual Studio Version 16
VisualStudioVersion = 16.0.30621.155
MinimumVisualStudioVersion = 10.0.40219.1
Project("{FAE04EC0-301F-11D3-BF4B-00C04F79EFBC}") = "DemoGestionEmploye", "DemoGestionEmploye\DemoGestionEmploye.csproj", "{870D8812-586E-4DBA-B10D-C8322D9482B3}"
EndProject
Global
	GlobalSection(SolutionConfigurationPlatforms) = preSolution
		Debug|Any CPU = Debug|Any CPU
		Release|Any CPU = Release|Any CPU
	EndGlobalSection
	GlobalSection(ProjectConfigurationPlatforms) = postSolution
		{870D8812-586E-4DBA-B10D-C8322D9482B3}.Debug|Any CPU.ActiveCfg = Debug|Any CPU
		{870D8812-586E-4DBA-B10D-C8322D9482B3}.Debug|Any CPU.Build.0 = Debug|Any CPU
		{870D8812-586E-4DBA-B10D-C8322D9482B3}.Release|Any CPU.ActiveCfg = Release|Any CPU
		{870D8812-586E-4DBA-B10D-C8322D9482B3}.Release|Any CPU.Build.0 = Release|Any CPU
	EndGlobalSection
	GlobalSection(SolutionProperties) = preSolution
		HideSolutionNode = FALSE
	EndGlobalSection
	GlobalSection(ExtensibilityGlobals) = postSolution
		SolutionGuid = {8309ABDB-3F7A-4233-A49E-8BDE4076C2BD}
	EndGlobalSection
EndGlobal
